
Microsoft Visual Studio Solution File, Format Version 12.00
# Visual Studio 2013
VisualStudioVersion = 12.0.21005.1
MinimumVisualStudioVersion = 10.0.40219.1
Project("{FAE04EC0-301F-11D3-BF4B-00C04F79EFBC}") = "MarkEmbling.ColourLovers", "MarkEmbling.ColourLovers.csproj", "{96093BA3-6F57-4422-965B-0E4C7F750FB1}"
EndProject
Project("{FAE04EC0-301F-11D3-BF4B-00C04F79EFBC}") = "MarkEmbling.ColourLovers.Tests", "..\MarkEmbling.ColourLovers.Tests\MarkEmbling.ColourLovers.Tests.csproj", "{4FB27711-D0FA-4EEE-B809-E6316D9A17BD}"
EndProject
Global
	GlobalSection(SolutionConfigurationPlatforms) = preSolution
		Debug|Any CPU = Debug|Any CPU
		Release|Any CPU = Release|Any CPU
	EndGlobalSection
	GlobalSection(ProjectConfigurationPlatforms) = postSolution
		{96093BA3-6F57-4422-965B-0E4C7F750FB1}.Debug|Any CPU.ActiveCfg = Debug|Any CPU
		{96093BA3-6F57-4422-965B-0E4C7F750FB1}.Debug|Any CPU.Build.0 = Debug|Any CPU
		{96093BA3-6F57-4422-965B-0E4C7F750FB1}.Release|Any CPU.ActiveCfg = Release|Any CPU
		{96093BA3-6F57-4422-965B-0E4C7F750FB1}.Release|Any CPU.Build.0 = Release|Any CPU
		{4FB27711-D0FA-4EEE-B809-E6316D9A17BD}.Debug|Any CPU.ActiveCfg = Debug|Any CPU
		{4FB27711-D0FA-4EEE-B809-E6316D9A17BD}.Debug|Any CPU.Build.0 = Debug|Any CPU
		{4FB27711-D0FA-4EEE-B809-E6316D9A17BD}.Release|Any CPU.ActiveCfg = Release|Any CPU
		{4FB27711-D0FA-4EEE-B809-E6316D9A17BD}.Release|Any CPU.Build.0 = Release|Any CPU
	EndGlobalSection
	GlobalSection(SolutionProperties) = preSolution
		HideSolutionNode = FALSE
	EndGlobalSection
EndGlobal
